{
  "requires": true,
  "lockfileVersion": 1,
  "dependencies": {
    "@mikro-orm/mongo-highlighter": {
      "version": "1.0.0",
      "resolved": "https://registry.npmjs.org/@mikro-orm/mongo-highlighter/-/mongo-highlighter-1.0.0.tgz",
      "integrity": "sha512-pPb/f1TKDBbJ8fH6Bbc5qMr/52edtA+vQrEKmuF3T7z9/feMrS6laW6FIpJXJJeP5sn0w4udjc/BIc4ntm4QHg==",
      "requires": {
        "ansi-colors": "^4.1.1"
      }
    },
    "ansi-colors": {
      "version": "4.1.1",
      "resolved": "https://registry.npmjs.org/ansi-colors/-/ansi-colors-4.1.1.tgz",
      "integrity": "sha512-JoX0apGbHaUJBNl6yF+p6JAFYZ666/hhCGKN5t9QFjbJQKUU/g8MNbFDbvfrgKXvI1QpZplPOnwIo99lX/AAmA=="
    }
  }
}
